// !$*UTF8*$!
{
	archiveVersion = 1;
	classes = {
	};
	objectVersion = 50;
	objects = {

/* Begin PBXBuildFile section */
		19236DC32150132D000AB181 /* AppDelegate.swift in Sources */ = {isa = PBXBuildFile; fileRef = 19236DC22150132D000AB181 /* AppDelegate.swift */; };
		19236DC82150132D000AB181 /* Main.storyboard in Resources */ = {isa = PBXBuildFile; fileRef = 19236DC62150132D000AB181 /* Main.storyboard */; };
		19236DCD2150132F000AB181 /* LaunchScreen.storyboard in Resources */ = {isa = PBXBuildFile; fileRef = 19236DCB2150132F000AB181 /* LaunchScreen.storyboard */; };
		19236DFD2150161B000AB181 /* State.swift in Sources */ = {isa = PBXBuildFile; fileRef = 19236DFC2150161B000AB181 /* State.swift */; };
		19236E04215019B5000AB181 /* StateController.swift in Sources */ = {isa = PBXBuildFile; fileRef = 19236E03215019B5000AB181 /* StateController.swift */; };
		19236E0621501A40000AB181 /* StateHelper.swift in Sources */ = {isa = PBXBuildFile; fileRef = 19236E0521501A40000AB181 /* StateHelper.swift */; };
		19236E0821501B78000AB181 /* Assets 2.xcassets in Resources */ = {isa = PBXBuildFile; fileRef = 19236E0721501B78000AB181 /* Assets 2.xcassets */; };
		19236E1121503A50000AB181 /* StateCollectionViewController.swift in Sources */ = {isa = PBXBuildFile; fileRef = 19236E1021503A50000AB181 /* StateCollectionViewController.swift */; };
		19236E1421503BA2000AB181 /* StateCollectionViewCell.swift in Sources */ = {isa = PBXBuildFile; fileRef = 19236E1321503BA2000AB181 /* StateCollectionViewCell.swift */; };
/* End PBXBuildFile section */

/* Begin PBXFileReference section */
		19236DBF2150132D000AB181 /* StateFlagSwift.app */ = {isa = PBXFileReference; explicitFileType = wrapper.application; includeInIndex = 0; path = StateFlagSwift.app; sourceTree = BUILT_PRODUCTS_DIR; };
		19236DC22150132D000AB181 /* AppDelegate.swift */ = {isa = PBXFileReference; lastKnownFileType = sourcecode.swift; path = AppDelegate.swift; sourceTree = "<group>"; };
		19236DC72150132D000AB181 /* Base */ = {isa = PBXFileReference; lastKnownFileType = file.storyboard; name = Base; path = Base.lproj/Main.storyboard; sourceTree = "<group>"; };
		19236DCC2150132F000AB181 /* Base */ = {isa = PBXFileReference; lastKnownFileType = file.storyboard; name = Base; path = Base.lproj/LaunchScreen.storyboard; sourceTree = "<group>"; };
		19236DCE2150132F000AB181 /* Info.plist */ = {isa = PBXFileReference; lastKnownFileType = text.plist.xml; path = Info.plist; sourceTree = "<group>"; };
		19236DFC2150161B000AB181 /* State.swift */ = {isa = PBXFileReference; lastKnownFileType = sourcecode.swift; path = State.swift; sourceTree = "<group>"; };
		19236E03215019B5000AB181 /* StateController.swift */ = {isa = PBXFileReference; lastKnownFileType = sourcecode.swift; path = StateController.swift; sourceTree = "<group>"; };
		19236E0521501A40000AB181 /* StateHelper.swift */ = {isa = PBXFileReference; lastKnownFileType = sourcecode.swift; path = StateHelper.swift; sourceTree = "<group>"; };
		19236E0721501B78000AB181 /* Assets 2.xcassets */ = {isa = PBXFileReference; lastKnownFileType = folder.assetcatalog; path = "Assets 2.xcassets"; sourceTree = "<group>"; };
		19236E1021503A50000AB181 /* StateCollectionViewController.swift */ = {isa = PBXFileReference; lastKnownFileType = sourcecode.swift; path = StateCollectionViewController.swift; sourceTree = "<group>"; };
		19236E1321503BA2000AB181 /* StateCollectionViewCell.swift */ = {isa = PBXFileReference; lastKnownFileType = sourcecode.swift; path = StateCollectionViewCell.swift; sourceTree = "<group>"; };
/* End PBXFileReference section */

/* Begin PBXFrameworksBuildPhase section */
		19236DBC2150132D000AB181 /* Frameworks */ = {
			isa = PBXFrameworksBuildPhase;
			buildActionMask = 2147483647;
			files = (
			);
			runOnlyForDeploymentPostprocessing = 0;
		};
/* End PBXFrameworksBuildPhase section */

/* Begin PBXGroup section */
		19236DB62150132D000AB181 = {
			isa = PBXGroup;
			children = (
				19236DC12150132D000AB181 /* StateFlagSwift */,
				19236DF8215013CE000AB181 /* ModelController */,
				19236DF6215013B8000AB181 /* Model */,
				19236DFA215013F5000AB181 /* UI */,
				19236E1221503B8D000AB181 /* View */,
				19236DF7215013C1000AB181 /* ViewController */,
				19236DC02150132D000AB181 /* Products */,
				19236DF9215013DD000AB181 /* Resources */,
			);
			sourceTree = "<group>";
		};
		19236DC02150132D000AB181 /* Products */ = {
			isa = PBXGroup;
			children = (
				19236DBF2150132D000AB181 /* StateFlagSwift.app */,
			);
			name = Products;
			sourceTree = "<group>";
		};
		19236DC12150132D000AB181 /* StateFlagSwift */ = {
			isa = PBXGroup;
			children = (
			);
			path = StateFlagSwift;
			sourceTree = "<group>";
		};
		19236DF6215013B8000AB181 /* Model */ = {
			isa = PBXGroup;
			children = (
				19236E0521501A40000AB181 /* StateHelper.swift */,
				19236DFC2150161B000AB181 /* State.swift */,
			);
			path = Model;
			sourceTree = "<group>";
		};
		19236DF7215013C1000AB181 /* ViewController */ = {
			isa = PBXGroup;
			children = (
				19236E1021503A50000AB181 /* StateCollectionViewController.swift */,
			);
			path = ViewController;
			sourceTree = "<group>";
		};
		19236DF8215013CE000AB181 /* ModelController */ = {
			isa = PBXGroup;
			children = (
				19236E03215019B5000AB181 /* StateController.swift */,
			);
			path = ModelController;
			sourceTree = "<group>";
		};
		19236DF9215013DD000AB181 /* Resources */ = {
			isa = PBXGroup;
			children = (
				19236DC22150132D000AB181 /* AppDelegate.swift */,
				19236DCE2150132F000AB181 /* Info.plist */,
				19236E0721501B78000AB181 /* Assets 2.xcassets */,
			);
			path = Resources;
			sourceTree = "<group>";
		};
		19236DFA215013F5000AB181 /* UI */ = {
			isa = PBXGroup;
			children = (
				19236DCB2150132F000AB181 /* LaunchScreen.storyboard */,
				19236DC62150132D000AB181 /* Main.storyboard */,
			);
			path = UI;
			sourceTree = "<group>";
		};
		19236E1221503B8D000AB181 /* View */ = {
			isa = PBXGroup;
			children = (
				19236E1321503BA2000AB181 /* StateCollectionViewCell.swift */,
			);
			path = View;
			sourceTree = "<group>";
		};
/* End PBXGroup section */

/* Begin PBXNativeTarget section */
		19236DBE2150132D000AB181 /* StateFlagSwift */ = {
			isa = PBXNativeTarget;
			buildConfigurationList = 19236DD12150132F000AB181 /* Build configuration list for PBXNativeTarget "StateFlagSwift" */;
			buildPhases = (
				19236DBB2150132D000AB181 /* Sources */,
				19236DBC2150132D000AB181 /* Frameworks */,
				19236DBD2150132D000AB181 /* Resources */,
			);
			buildRules = (
			);
			dependencies = (
			);
			name = StateFlagSwift;
			productName = StateFlagSwift;
			productReference = 19236DBF2150132D000AB181 /* StateFlagSwift.app */;
			productType = "com.apple.product-type.application";
		};
/* End PBXNativeTarget section */

/* Begin PBXProject section */
		19236DB72150132D000AB181 /* Project object */ = {
			isa = PBXProject;
			attributes = {
				LastSwiftUpdateCheck = 0940;
				LastUpgradeCheck = 0940;
				ORGANIZATIONNAME = "Xavier ios dev";
				TargetAttributes = {
					19236DBE2150132D000AB181 = {
						CreatedOnToolsVersion = 9.4.1;
					};
				};
			};
			buildConfigurationList = 19236DBA2150132D000AB181 /* Build configuration list for PBXProject "StateFlagSwift" */;
			compatibilityVersion = "Xcode 9.3";
			developmentRegion = en;
			hasScannedForEncodings = 0;
			knownRegions = (
				en,
				Base,
			);
			mainGroup = 19236DB62150132D000AB181;
			productRefGroup = 19236DC02150132D000AB181 /* Products */;
			projectDirPath = "";
			projectRoot = "";
			targets = (
				19236DBE2150132D000AB181 /* StateFlagSwift */,
			);
		};
/* End PBXProject section */

/* Begin PBXResourcesBuildPhase section */
		19236DBD2150132D000AB181 /* Resources */ = {
			isa = PBXResourcesBuildPhase;
			buildActionMask = 2147483647;
			files = (
				19236DCD2150132F000AB181 /* LaunchScreen.storyboard in Resources */,
				19236E0821501B78000AB181 /* Assets 2.xcassets in Resources */,
				19236DC82150132D000AB181 /* Main.storyboard in Resources */,
			);
			runOnlyForDeploymentPostprocessing = 0;
		};
/* End PBXResourcesBuildPhase section */

/* Begin PBXSourcesBuildPhase section */
		19236DBB2150132D000AB181 /* Sources */ = {
			isa = PBXSourcesBuildPhase;
			buildActionMask = 2147483647;
			files = (
				19236DC32150132D000AB181 /* AppDelegate.swift in Sources */,
				19236E0621501A40000AB181 /* StateHelper.swift in Sources */,
				19236E04215019B5000AB181 /* StateController.swift in Sources */,
				19236DFD2150161B000AB181 /* State.swift in Sources */,
				19236E1421503BA2000AB181 /* StateCollectionViewCell.swift in Sources */,
				19236E1121503A50000AB181 /* StateCollectionViewController.swift in Sources */,
			);
			runOnlyForDeploymentPostprocessing = 0;
		};
/* End PBXSourcesBuildPhase section */

/* Begin PBXVariantGroup section */
		19236DC62150132D000AB181 /* Main.storyboard */ = {
			isa = PBXVariantGroup;
			children = (
				19236DC72150132D000AB181 /* Base */,
			);
			name = Main.storyboard;
			sourceTree = "<group>";
		};
		19236DCB2150132F000AB181 /* LaunchScreen.storyboard */ = {
			isa = PBXVariantGroup;
			children = (
				19236DCC2150132F000AB181 /* Base */,
			);
			name = LaunchScreen.storyboard;
			sourceTree = "<group>";
		};
/* End PBXVariantGroup section */

/* Begin XCBuildConfiguration section */
		19236DCF2150132F000AB181 /* Debug */ = {
			isa = XCBuildConfiguration;
			buildSettings = {
				ALWAYS_SEARCH_USER_PATHS = NO;
				CLANG_ANALYZER_NONNULL = YES;
				CLANG_ANALYZER_NUMBER_OBJECT_CONVERSION = YES_AGGRESSIVE;
				CLANG_CXX_LANGUAGE_STANDARD = "gnu++14";
				CLANG_CXX_LIBRARY = "libc++";
				CLANG_ENABLE_MODULES = YES;
				CLANG_ENABLE_OBJC_ARC = YES;
				CLANG_ENABLE_OBJC_WEAK = YES;
				CLANG_WARN_BLOCK_CAPTURE_AUTORELEASING = YES;
				CLANG_WARN_BOOL_CONVERSION = YES;
				CLANG_WARN_COMMA = YES;
				CLANG_WARN_CONSTANT_CONVERSION = YES;
				CLANG_WARN_DEPRECATED_OBJC_IMPLEMENTATIONS = YES;
				CLANG_WARN_DIRECT_OBJC_ISA_USAGE = YES_ERROR;
				CLANG_WARN_DOCUMENTATION_COMMENTS = YES;
				CLANG_WARN_EMPTY_BODY = YES;
				CLANG_WARN_ENUM_CONVERSION = YES;
				CLANG_WARN_INFINITE_RECURSION = YES;
				CLANG_WARN_INT_CONVERSION = YES;
				CLANG_WARN_NON_LITERAL_NULL_CONVERSION = YES;
				CLANG_WARN_OBJC_IMPLICIT_RETAIN_SELF = YES;
				CLANG_WARN_OBJC_LITERAL_CONVERSION = YES;
				CLANG_WARN_OBJC_ROOT_CLASS = YES_ERROR;
				CLANG_WARN_RANGE_LOOP_ANALYSIS = YES;
				CLANG_WARN_STRICT_PROTOTYPES = YES;
				CLANG_WARN_SUSPICIOUS_MOVE = YES;
				CLANG_WARN_UNGUARDED_AVAILABILITY = YES_AGGRESSIVE;
				CLANG_WARN_UNREACHABLE_CODE = YES;
				CLANG_WARN__DUPLICATE_METHOD_MATCH = YES;
				CODE_SIGN_IDENTITY = "iPhone Developer";
				COPY_PHASE_STRIP = NO;
				DEBUG_INFORMATION_FORMAT = dwarf;
				ENABLE_STRICT_OBJC_MSGSEND = YES;
				ENABLE_TESTABILITY = YES;
				GCC_C_LANGUAGE_STANDARD = gnu11;
				GCC_DYNAMIC_NO_PIC = NO;
				GCC_NO_COMMON_BLOCKS = YES;
				GCC_OPTIMIZATION_LEVEL = 0;
				GCC_PREPROCESSOR_DEFINITIONS = (
					"DEBUG=1",
					"$(inherited)",
				);
				GCC_WARN_64_TO_32_BIT_CONVERSION = YES;
				GCC_WARN_ABOUT_RETURN_TYPE = YES_ERROR;
				GCC_WARN_UNDECLARED_SELECTOR = YES;
				GCC_WARN_UNINITIALIZED_AUTOS = YES_AGGRESSIVE;
				GCC_WARN_UNUSED_FUNCTION = YES;
				GCC_WARN_UNUSED_VARIABLE = YES;
				IPHONEOS_DEPLOYMENT_TARGET = 11.4;
				MTL_ENABLE_DEBUG_INFO = YES;
				ONLY_ACTIVE_ARCH = YES;
				SDKROOT = iphoneos;
				SWIFT_ACTIVE_COMPILATION_CONDITIONS = DEBUG;
				SWIFT_OPTIMIZATION_LEVEL = "-Onone";
			};
			name = Debug;
		};
		19236DD02150132F000AB181 /* Release */ = {
			isa = XCBuildConfiguration;
			buildSettings = {
				ALWAYS_SEARCH_USER_PATHS = NO;
				CLANG_ANALYZER_NONNULL = YES;
				CLANG_ANALYZER_NUMBER_OBJECT_CONVERSION = YES_AGGRESSIVE;
				CLANG_CXX_LANGUAGE_STANDARD = "gnu++14";
				CLANG_CXX_LIBRARY = "libc++";
				CLANG_ENABLE_MODULES = YES;
				CLANG_ENABLE_OBJC_ARC = YES;
				CLANG_ENABLE_OBJC_WEAK = YES;
				CLANG_WARN_BLOCK_CAPTURE_AUTORELEASING = YES;
				CLANG_WARN_BOOL_CONVERSION = YES;
				CLANG_WARN_COMMA = YES;
				CLANG_WARN_CONSTANT_CONVERSION = YES;
				CLANG_WARN_DEPRECATED_OBJC_IMPLEMENTATIONS = YES;
				CLANG_WARN_DIRECT_OBJC_ISA_USAGE = YES_ERROR;
				CLANG_WARN_DOCUMENTATION_COMMENTS = YES;
				CLANG_WARN_EMPTY_BODY = YES;
				CLANG_WARN_ENUM_CONVERSION = YES;
				CLANG_WARN_INFINITE_RECURSION = YES;
				CLANG_WARN_INT_CONVERSION = YES;
				CLANG_WARN_NON_LITERAL_NULL_CONVERSION = YES;
				CLANG_WARN_OBJC_IMPLICIT_RETAIN_SELF = YES;
				CLANG_WARN_OBJC_LITERAL_CONVERSION = YES;
				CLANG_WARN_OBJC_ROOT_CLASS = YES_ERROR;
				CLANG_WARN_RANGE_LOOP_ANALYSIS = YES;
				CLANG_WARN_STRICT_PROTOTYPES = YES;
				CLANG_WARN_SUSPICIOUS_MOVE = YES;
				CLANG_WARN_UNGUARDED_AVAILABILITY = YES_AGGRESSIVE;
				CLANG_WARN_UNREACHABLE_CODE = YES;
				CLANG_WARN__DUPLICATE_METHOD_MATCH = YES;
				CODE_SIGN_IDENTITY = "iPhone Developer";
				COPY_PHASE_STRIP = NO;
				DEBUG_INFORMATION_FORMAT = "dwarf-with-dsym";
				ENABLE_NS_ASSERTIONS = NO;
				ENABLE_STRICT_OBJC_MSGSEND = YES;
				GCC_C_LANGUAGE_STANDARD = gnu11;
				GCC_NO_COMMON_BLOCKS = YES;
				GCC_WARN_64_TO_32_BIT_CONVERSION = YES;
				GCC_WARN_ABOUT_RETURN_TYPE = YES_ERROR;
				GCC_WARN_UNDECLARED_SELECTOR = YES;
				GCC_WARN_UNINITIALIZED_AUTOS = YES_AGGRESSIVE;
				GCC_WARN_UNUSED_FUNCTION = YES;
				GCC_WARN_UNUSED_VARIABLE = YES;
				IPHONEOS_DEPLOYMENT_TARGET = 11.4;
				MTL_ENABLE_DEBUG_INFO = NO;
				SDKROOT = iphoneos;
				SWIFT_COMPILATION_MODE = wholemodule;
				SWIFT_OPTIMIZATION_LEVEL = "-O";
				VALIDATE_PRODUCT = YES;
			};
			name = Release;
		};
		19236DD22150132F000AB181 /* Debug */ = {
			isa = XCBuildConfiguration;
			buildSettings = {
				ASSETCATALOG_COMPILER_APPICON_NAME = AppIcon;
				CODE_SIGN_STYLE = Automatic;
				INFOPLIST_FILE = "$(SRCROOT)/Resources/Info.plist";
				LD_RUNPATH_SEARCH_PATHS = (
					"$(inherited)",
					"@executable_path/Frameworks",
				);
				PRODUCT_BUNDLE_IDENTIFIER = COM.UDACITY.StateFlagSwift;
				PRODUCT_NAME = "$(TARGET_NAME)";
				SWIFT_VERSION = 4.0;
				TARGETED_DEVICE_FAMILY = "1,2";
			};
			name = Debug;
		};
		19236DD32150132F000AB181 /* Release */ = {
			isa = XCBuildConfiguration;
			buildSettings = {
				ASSETCATALOG_COMPILER_APPICON_NAME = AppIcon;
				CODE_SIGN_STYLE = Automatic;
				INFOPLIST_FILE = "$(SRCROOT)/Resources/Info.plist";
				LD_RUNPATH_SEARCH_PATHS = (
					"$(inherited)",
					"@executable_path/Frameworks",
				);
				PRODUCT_BUNDLE_IDENTIFIER = COM.UDACITY.StateFlagSwift;
				PRODUCT_NAME = "$(TARGET_NAME)";
				SWIFT_VERSION = 4.0;
				TARGETED_DEVICE_FAMILY = "1,2";
			};
			name = Release;
		};
/* End XCBuildConfiguration section */

/* Begin XCConfigurationList section */
		19236DBA2150132D000AB181 /* Build configuration list for PBXProject "StateFlagSwift" */ = {
			isa = XCConfigurationList;
			buildConfigurations = (
				19236DCF2150132F000AB181 /* Debug */,
				19236DD02150132F000AB181 /* Release */,
			);
			defaultConfigurationIsVisible = 0;
			defaultConfigurationName = Release;
		};
		19236DD12150132F000AB181 /* Build configuration list for PBXNativeTarget "StateFlagSwift" */ = {
			isa = XCConfigurationList;
			buildConfigurations = (
				19236DD22150132F000AB181 /* Debug */,
				19236DD32150132F000AB181 /* Release */,
			);
			defaultConfigurationIsVisible = 0;
			defaultConfigurationName = Release;
		};
/* End XCConfigurationList section */
	};
	rootObject = 19236DB72150132D000AB181 /* Project object */;
}
